
Microsoft Visual Studio Solution File, Format Version 12.00
# Visual Studio 15
VisualStudioVersion = 15.0.28307.1145
MinimumVisualStudioVersion = 10.0.40219.1
Project("{FAE04EC0-301F-11D3-BF4B-00C04F79EFBC}") = "test", "test\test.csproj", "{039D0C28-87E8-4689-A8DF-68FF0B955E24}"
EndProject
Global
	GlobalSection(SolutionConfigurationPlatforms) = preSolution
		Debug|Any CPU = Debug|Any CPU
		Release|Any CPU = Release|Any CPU
	EndGlobalSection
	GlobalSection(ProjectConfigurationPlatforms) = postSolution
		{039D0C28-87E8-4689-A8DF-68FF0B955E24}.Debug|Any CPU.ActiveCfg = Debug|Any CPU
		{039D0C28-87E8-4689-A8DF-68FF0B955E24}.Debug|Any CPU.Build.0 = Debug|Any CPU
		{039D0C28-87E8-4689-A8DF-68FF0B955E24}.Release|Any CPU.ActiveCfg = Release|Any CPU
		{039D0C28-87E8-4689-A8DF-68FF0B955E24}.Release|Any CPU.Build.0 = Release|Any CPU
	EndGlobalSection
	GlobalSection(SolutionProperties) = preSolution
		HideSolutionNode = FALSE
	EndGlobalSection
	GlobalSection(ExtensibilityGlobals) = postSolution
		SolutionGuid = {5E3531C8-8635-4224-B7E8-F0276D818877}
	EndGlobalSection
EndGlobal
